PODS:
  - CocoaAsyncSocket (7.6.5)
  - Flutter (1.0.0)
  - KTVCocoaHTTPServer (1.0.0):
    - CocoaAsyncSocket
  - KTVHTTPCache (2.0.1):
    - KTVCocoaHTTPServer
  - video_player_avfoundation (0.0.1):
    - Flutter
  - z_cached_video_player_fork (0.0.2):
    - Flutter
    - KTVHTTPCache (~> 2.0.0)

DEPENDENCIES:
  - Flutter (from `Flutter`)
  - video_player_avfoundation (from `.symlinks/plugins/video_player_avfoundation/ios`)
  - z_cached_video_player_fork (from `.symlinks/plugins/z_cached_video_player_fork/ios`)

SPEC REPOS:
  trunk:
    - CocoaAsyncSocket
    - KTVCocoaHTTPServer
    - KTVHTTPCache

EXTERNAL SOURCES:
  Flutter:
    :path: Flutter
  video_player_avfoundation:
    :path: ".symlinks/plugins/video_player_avfoundation/ios"
  z_cached_video_player_fork:
    :path: ".symlinks/plugins/z_cached_video_player_fork/ios"

SPEC CHECKSUMS:
  CocoaAsyncSocket: 065fd1e645c7abab64f7a6a2007a48038fdc6a99
  Flutter: f04841e97a9d0b0a8025694d0796dd46242b2854
  KTVCocoaHTTPServer: df8d7b861e603ff8037e9b2138aca2563a6b768d
  KTVHTTPCache: 588c3eb16f6bd1e6fde1e230dabfb7bd4e490a4d
  video_player_avfoundation: e489aac24ef5cf7af82702979ed16f2a5ef84cff
  z_cached_video_player_fork: b8061254901dfa8390114d2722ad79f8f151fcb8

PODFILE CHECKSUM: ef19549a9bc3046e7bb7d2fab4d021637c0c58a3

COCOAPODS: 1.11.3
